
Microsoft Visual Studio Solution File, Format Version 11.00
# Visual Studio 2010
Project("{FAE04EC0-301F-11D3-BF4B-00C04F79EFBC}") = "Assembly-CSharp-firstpass", "Assembly-CSharp-firstpass.csproj", "{6fe55861-dc6b-f945-05d1-4bfd33bf697a}"
EndProject
Project("{FAE04EC0-301F-11D3-BF4B-00C04F79EFBC}") = "Assembly-CSharp", "Assembly-CSharp.csproj", "{57bdf15b-d8ce-ce85-c07e-093c9e18c055}"
EndProject
Global
	GlobalSection(SolutionConfigurationPlatforms) = preSolution
		Debug|Any CPU = Debug|Any CPU
	EndGlobalSection
	GlobalSection(ProjectConfigurationPlatforms) = postSolution
		{6fe55861-dc6b-f945-05d1-4bfd33bf697a}.Debug|Any CPU.ActiveCfg = Debug|Any CPU
		{6fe55861-dc6b-f945-05d1-4bfd33bf697a}.Debug|Any CPU.Build.0 = Debug|Any CPU
		{57bdf15b-d8ce-ce85-c07e-093c9e18c055}.Debug|Any CPU.ActiveCfg = Debug|Any CPU
		{57bdf15b-d8ce-ce85-c07e-093c9e18c055}.Debug|Any CPU.Build.0 = Debug|Any CPU
	EndGlobalSection
	GlobalSection(SolutionProperties) = preSolution
		HideSolutionNode = FALSE
	EndGlobalSection
EndGlobal
